Microsoft Visual Studio Solution File, Format Version 12.00
# Visual Studio Version 18
VisualStudioVersion = 18.3.11520.95 d18.3
MinimumVisualStudioVersion = 10.0.40219.1
Project("{9A19103F-16F7-4668-BE54-9A1E7A4F7556}") = "StudioOneMidiPlugin", "StudioOneMidiPlugin\StudioOneMidiPlugin.csproj", "{C4B338E1-5A8B-4AEB-83E8-D32095A28198}"
EndProject
Project("{FAE04EC0-301F-11D3-BF4B-00C04F79EFBC}") = "Midi2EndpointCreator", "Midi2EndpointCreator\Midi2EndpointCreator.csproj", "{6D51105C-6DC7-9A2A-2381-9A10AD546E16}"
EndProject
Global
	GlobalSection(SolutionConfigurationPlatforms) = preSolution
		Debug|Any CPU = Debug|Any CPU
		Debug|x64 = Debug|x64
		Release|Any CPU = Release|Any CPU
		Release|x64 = Release|x64
	EndGlobalSection
	GlobalSection(ProjectConfigurationPlatforms) = postSolution
		{C4B338E1-5A8B-4AEB-83E8-D32095A28198}.Debug|Any CPU.ActiveCfg = Debug|Any CPU
		{C4B338E1-5A8B-4AEB-83E8-D32095A28198}.Debug|Any CPU.Build.0 = Debug|Any CPU
		{C4B338E1-5A8B-4AEB-83E8-D32095A28198}.Debug|x64.ActiveCfg = Debug|x64
		{C4B338E1-5A8B-4AEB-83E8-D32095A28198}.Debug|x64.Build.0 = Debug|x64
		{C4B338E1-5A8B-4AEB-83E8-D32095A28198}.Release|Any CPU.ActiveCfg = Release|Any CPU
		{C4B338E1-5A8B-4AEB-83E8-D32095A28198}.Release|Any CPU.Build.0 = Release|Any CPU
		{C4B338E1-5A8B-4AEB-83E8-D32095A28198}.Release|x64.ActiveCfg = Release|x64
		{C4B338E1-5A8B-4AEB-83E8-D32095A28198}.Release|x64.Build.0 = Release|x64
		{6D51105C-6DC7-9A2A-2381-9A10AD546E16}.Debug|Any CPU.ActiveCfg = Debug|Any CPU
		{6D51105C-6DC7-9A2A-2381-9A10AD546E16}.Debug|Any CPU.Build.0 = Debug|Any CPU
		{6D51105C-6DC7-9A2A-2381-9A10AD546E16}.Debug|x64.ActiveCfg = Debug|x64
		{6D51105C-6DC7-9A2A-2381-9A10AD546E16}.Debug|x64.Build.0 = Debug|x64
		{6D51105C-6DC7-9A2A-2381-9A10AD546E16}.Release|Any CPU.ActiveCfg = Release|Any CPU
		{6D51105C-6DC7-9A2A-2381-9A10AD546E16}.Release|Any CPU.Build.0 = Release|Any CPU
		{6D51105C-6DC7-9A2A-2381-9A10AD546E16}.Release|x64.ActiveCfg = Release|x64
		{6D51105C-6DC7-9A2A-2381-9A10AD546E16}.Release|x64.Build.0 = Release|x64
	EndGlobalSection
	GlobalSection(SolutionProperties) = preSolution
		HideSolutionNode = FALSE
	EndGlobalSection
	GlobalSection(ExtensibilityGlobals) = postSolution
		SolutionGuid = {69B2F37F-95FB-4F3E-9E51-A916C4BDAA0C}
	EndGlobalSection
EndGlobal
